
Microsoft Visual Studio Solution File, Format Version 12.00
# Visual Studio Version 17
VisualStudioVersion = 17.9.34723.18
MinimumVisualStudioVersion = 10.0.40219.1
Project("{FAE04EC0-301F-11D3-BF4B-00C04F79EFBC}") = "WindowsFormsApp9", "WindowsFormsApp9\WindowsFormsApp9.csproj", "{A16FD8D8-39B9-4935-8F1F-13160D889122}"
EndProject
Global
	GlobalSection(SolutionConfigurationPlatforms) = preSolution
		Debug|Any CPU = Debug|Any CPU
		Release|Any CPU = Release|Any CPU
	EndGlobalSection
	GlobalSection(ProjectConfigurationPlatforms) = postSolution
		{A16FD8D8-39B9-4935-8F1F-13160D889122}.Debug|Any CPU.ActiveCfg = Debug|Any CPU
		{A16FD8D8-39B9-4935-8F1F-13160D889122}.Debug|Any CPU.Build.0 = Debug|Any CPU
		{A16FD8D8-39B9-4935-8F1F-13160D889122}.Release|Any CPU.ActiveCfg = Release|Any CPU
		{A16FD8D8-39B9-4935-8F1F-13160D889122}.Release|Any CPU.Build.0 = Release|Any CPU
	EndGlobalSection
	GlobalSection(SolutionProperties) = preSolution
		HideSolutionNode = FALSE
	EndGlobalSection
	GlobalSection(ExtensibilityGlobals) = postSolution
		SolutionGuid = {DEBA74DB-CB87-4BAD-A927-55E57D77757A}
	EndGlobalSection
EndGlobal
